
Microsoft Visual Studio Solution File, Format Version 10.00
# Visual Studio 2008
Project("{FAE04EC0-301F-11D3-BF4B-00C04F79EFBC}") = "ConnectedParties", "ConnectedParties.csproj", "{01B39F31-C0E3-4AAE-BE60-60BADEE43508}"
EndProject
Project("{2150E333-8FDC-42A3-9474-1A3956D46DE8}") = "Solution Items", "Solution Items", "{F573D59D-5774-4C29-BF42-4E4B19E3D6CF}"
	ProjectSection(SolutionItems) = preProject
		Notes.txt = Notes.txt
	EndProjectSection
EndProject
Project("{FAE04EC0-301F-11D3-BF4B-00C04F79EFBC}") = "SetupCustomAction", "..\SetupCustomAction\SetupCustomAction.csproj", "{53F4C5FC-96D5-4A7A-A231-5D73365F7BDF}"
EndProject
Project("{54435603-DBB4-11D2-8724-00A0C9A8B90C}") = "ConnectedPartiesSetup", "..\ConnectedPartiesSetup\ConnectedPartiesSetup.vdproj", "{5CF8BDC1-3EE5-45F8-85C3-89956112BA69}"
EndProject
Global
	GlobalSection(SolutionConfigurationPlatforms) = preSolution
		Debug|Any CPU = Debug|Any CPU
		Release|Any CPU = Release|Any CPU
	EndGlobalSection
	GlobalSection(ProjectConfigurationPlatforms) = postSolution
		{01B39F31-C0E3-4AAE-BE60-60BADEE43508}.Debug|Any CPU.ActiveCfg = Debug|Any CPU
		{01B39F31-C0E3-4AAE-BE60-60BADEE43508}.Debug|Any CPU.Build.0 = Debug|Any CPU
		{01B39F31-C0E3-4AAE-BE60-60BADEE43508}.Release|Any CPU.ActiveCfg = Release|Any CPU
		{01B39F31-C0E3-4AAE-BE60-60BADEE43508}.Release|Any CPU.Build.0 = Release|Any CPU
		{53F4C5FC-96D5-4A7A-A231-5D73365F7BDF}.Debug|Any CPU.ActiveCfg = Debug|Any CPU
		{53F4C5FC-96D5-4A7A-A231-5D73365F7BDF}.Debug|Any CPU.Build.0 = Debug|Any CPU
		{53F4C5FC-96D5-4A7A-A231-5D73365F7BDF}.Release|Any CPU.ActiveCfg = Release|Any CPU
		{53F4C5FC-96D5-4A7A-A231-5D73365F7BDF}.Release|Any CPU.Build.0 = Release|Any CPU
		{5CF8BDC1-3EE5-45F8-85C3-89956112BA69}.Debug|Any CPU.ActiveCfg = Debug
		{5CF8BDC1-3EE5-45F8-85C3-89956112BA69}.Release|Any CPU.ActiveCfg = Release
	EndGlobalSection
	GlobalSection(SolutionProperties) = preSolution
		HideSolutionNode = FALSE
	EndGlobalSection
EndGlobal
